
Microsoft Visual Studio Solution File, Format Version 12.00
# Visual Studio Version 17
VisualStudioVersion = 17.3.32825.248
MinimumVisualStudioVersion = 10.0.40219.1
Project("{FAE04EC0-301F-11D3-BF4B-00C04F79EFBC}") = "lab1Sorting", "lab1Sorting\lab1Sorting.csproj", "{A38A7E4A-50AF-4638-AF05-BF7DDCAD1237}"
EndProject
Global
	GlobalSection(SolutionConfigurationPlatforms) = preSolution
		Debug|Any CPU = Debug|Any CPU
		Release|Any CPU = Release|Any CPU
	EndGlobalSection
	GlobalSection(ProjectConfigurationPlatforms) = postSolution
		{A38A7E4A-50AF-4638-AF05-BF7DDCAD1237}.Debug|Any CPU.ActiveCfg = Debug|Any CPU
		{A38A7E4A-50AF-4638-AF05-BF7DDCAD1237}.Debug|Any CPU.Build.0 = Debug|Any CPU
		{A38A7E4A-50AF-4638-AF05-BF7DDCAD1237}.Release|Any CPU.ActiveCfg = Release|Any CPU
		{A38A7E4A-50AF-4638-AF05-BF7DDCAD1237}.Release|Any CPU.Build.0 = Release|Any CPU
	EndGlobalSection
	GlobalSection(SolutionProperties) = preSolution
		HideSolutionNode = FALSE
	EndGlobalSection
	GlobalSection(ExtensibilityGlobals) = postSolution
		SolutionGuid = {00AE88AB-CE25-4529-8150-6E768CAF7D8A}
	EndGlobalSection
EndGlobal
